<?xml version="1.0" encoding="utf-8"?>
<Project ToolsVersion="4.0" xmlns="http://schemas.microsoft.com/developer/msbuild/2003">
  <ItemGroup>
    <Filter Include="include">
      <UniqueIdentifier>{395b3af0-33d0-411b-b153-de1676bf1ef8}</UniqueIdentifier>
    </Filter>
    <Filter Include="src">
      <UniqueIdentifier>{43ca7dde-8d70-4807-b12e-9ba708807efb}</UniqueIdentifier>
    </Filter>
    <Filter Include="src\atomic">
      <UniqueIdentifier>{922fd97f-f275-4704-95e9-8ef1d28f2311}</UniqueIdentifier>
    </Filter>
    <Filter Include="src\audio">
      <UniqueIdentifier>{9bf21f63-c9a4-4adf-ba1e-e1509a032aa6}</UniqueIdentifier>
    </Filter>
    <Filter Include="src\audio\winmm">
      <UniqueIdentifier>{74657fac-def5-4ef5-9002-9a3589de3e0d}</UniqueIdentifier>
    </Filter>
    <Filter Include="src\audio\wasapi">
      <UniqueIdentifier>{c2aac856-4414-4f22-8b54-5056eb6d71ef}</UniqueIdentifier>
    </Filter>
    <Filter Include="src\audio\directsound">
      <UniqueIdentifier>{0647f187-3d3d-4f8f-ba27-3664d776af83}</UniqueIdentifier>
    </Filter>
    <Filter Include="src\core">
      <UniqueIdentifier>{7384e70d-d05f-492d-9c5d-c4cf620be6ab}</UniqueIdentifier>
    </Filter>
    <Filter Include="src\core\windows">
      <UniqueIdentifier>{c65891fa-ee61-4856-a6c3-105a7dec457f}</UniqueIdentifier>
    </Filter>
    <Filter Include="src\cpuinfo">
      <UniqueIdentifier>{fa6266e1-555a-4e5c-8bb8-e89ecc65aa93}</UniqueIdentifier>
    </Filter>
    <Filter Include="src\dynapi">
      <UniqueIdentifier>{dc57ec6b-66e3-473a-93f8-c1d382a15e97}</UniqueIdentifier>
    </Filter>
    <Filter Include="src\events">
      <UniqueIdentifier>{324d4a0a-718a-4b62-9a91-867dfe9bd4b6}</UniqueIdentifier>
    </Filter>
    <Filter Include="src\file">
      <UniqueIdentifier>{c853a631-d526-4fac-bcd3-365f7bdff591}</UniqueIdentifier>
    </Filter>
    <Filter Include="src\filesystem">
      <UniqueIdentifier>{0e448e63-0775-4e2f-ba7b-daadd82a60ae}</UniqueIdentifier>
    </Filter>
    <Filter Include="src\filesystem\windows">
      <UniqueIdentifier>{dc10835c-0c9c-4799-a8a0-eaa98017b20a}</UniqueIdentifier>
    </Filter>
    <Filter Include="src\haptic">
      <UniqueIdentifier>{9e1f281a-b532-48bc-8d58-047d389f516f}</UniqueIdentifier>
    </Filter>
    <Filter Include="src\haptic\windows">
      <UniqueIdentifier>{9cc4a64d-015e-46bb-934e-c4efc2048527}</UniqueIdentifier>
    </Filter>
    <Filter Include="src\hidapi">
      <UniqueIdentifier>{3793edbf-41a4-4282-a8b7-a83018e12dfa}</UniqueIdentifier>
    </Filter>
    <Filter Include="src\joystick">
      <UniqueIdentifier>{1cc8c8a8-4740-4283-b86f-c7aa07070814}</UniqueIdentifier>
    </Filter>
    <Filter Include="src\joystick\windows">
      <UniqueIdentifier>{3815fb7b-885a-48d7-87d8-dd66d3e5166c}</UniqueIdentifier>
    </Filter>
    <Filter Include="src\joystick\steam">
      <UniqueIdentifier>{2a87ddc2-e154-4e05-9681-e28b828166cb}</UniqueIdentifier>
    </Filter>
    <Filter Include="src\joystick\hidapi">
      <UniqueIdentifier>{544b85ce-713a-4949-bc8d-3f54aadd7b03}</UniqueIdentifier>
    </Filter>
    <Filter Include="src\joystick\hidapi\steam">
      <UniqueIdentifier>{a9c53592-72bb-429e-aa0d-0c0cab27318d}</UniqueIdentifier>
    </Filter>
    <Filter Include="src\loadso">
      <UniqueIdentifier>{e5143f1b-5709-4d6a-99bf-f0f391461435}</UniqueIdentifier>
    </Filter>
    <Filter Include="src\loadso\windows">
      <UniqueIdentifier>{8725ec75-4e2f-4b49-8f48-9e1816a311c7}</UniqueIdentifier>
    </Filter>
    <Filter Include="src\locale">
      <UniqueIdentifier>{761ab720-cce7-4245-b073-47188d07127e}</UniqueIdentifier>
    </Filter>
    <Filter Include="src\locale\windows">
      <UniqueIdentifier>{e4388ea0-e352-4296-ba23-983904aeff15}</UniqueIdentifier>
    </Filter>
    <Filter Include="src\misc">
      <UniqueIdentifier>{390c7fef-7326-4915-97f8-ef1ce5b84b7b}</UniqueIdentifier>
    </Filter>
    <Filter Include="src\misc\windows">
      <UniqueIdentifier>{51b65488-4144-4547-8d89-8c0f66762e4e}</UniqueIdentifier>
    </Filter>
    <Filter Include="src\power">
      <UniqueIdentifier>{c64ce114-d02f-44d1-9ee6-5cbf797ba192}</UniqueIdentifier>
    </Filter>
    <Filter Include="src\power\windows">
      <UniqueIdentifier>{a148d198-0f99-4100-bda1-cd2bd7ca2832}</UniqueIdentifier>
    </Filter>
    <Filter Include="src\render">
      <UniqueIdentifier>{6aac6f82-51b1-481d-9b3d-504720c702d1}</UniqueIdentifier>
    </Filter>
    <Filter Include="src\render\direct3d">
      <UniqueIdentifier>{81ad496f-14c2-4f97-88ea-98fe11567eb5}</UniqueIdentifier>
    </Filter>
    <Filter Include="src\render\direct3d11">
      <UniqueIdentifier>{3443ca5d-6107-4691-8796-f510c3c08277}</UniqueIdentifier>
    </Filter>
    <Filter Include="src\render\opengl">
      <UniqueIdentifier>{a4c745e2-8dc4-4eab-9c7f-c43f4b61f106}</UniqueIdentifier>
    </Filter>
    <Filter Include="src\render\opengles">
      <UniqueIdentifier>{b512d637-61fc-4b82-9e9c-bc87340a90bf}</UniqueIdentifier>
    </Filter>
    <Filter Include="src\render\opengles2">
      <UniqueIdentifier>{e130893f-50e5-42ee-ad9c-1c4f5700cc5a}</UniqueIdentifier>
    </Filter>
    <Filter Include="src\render\software">
      <UniqueIdentifier>{2b4827f8-e7a3-40c7-a5ae-b3c9f87c19f9}</UniqueIdentifier>
    </Filter>
    <Filter Include="src\sensor">
      <UniqueIdentifier>{3418be07-f7e1-4215-a715-217e23740000}</UniqueIdentifier>
    </Filter>
    <Filter Include="src\sensor\windows">
      <UniqueIdentifier>{977dbc90-26bd-450a-a6be-0ab18bb7572e}</UniqueIdentifier>
    </Filter>
    <Filter Include="src\thread">
      <UniqueIdentifier>{a864c11e-63b9-4732-b6f0-e9ee2ca1e221}</UniqueIdentifier>
    </Filter>
    <Filter Include="src\thread\windows">
      <UniqueIdentifier>{9c35482d-265e-4980-8d58-82158261db3a}</UniqueIdentifier>
    </Filter>
    <Filter Include="src\timer">
      <UniqueIdentifier>{88c6e6eb-d027-4595-bcd2-3931346918a4}</UniqueIdentifier>
    </Filter>
    <Filter Include="src\timer\windows">
      <UniqueIdentifier>{0dbda61f-f1ed-48d8-b986-1d0d0797c7d8}</UniqueIdentifier>
    </Filter>
    <Filter Include="src\video">
      <UniqueIdentifier>{a7eb9946-8659-4d36-b9de-416f90c6843f}</UniqueIdentifier>
    </Filter>
    <Filter Include="src\video\khronos">
      <UniqueIdentifier>{dbb1df3c-2a13-4259-81c4-a1c789c0d59b}</UniqueIdentifier>
    </Filter>
    <Filter Include="src\video\windows">
      <UniqueIdentifier>{d51343e5-6330-4d83-bd53-22d069a7d1a0}</UniqueIdentifier>
    </Filter>
    <Filter Include="src\video\khronos\EGL">
      <UniqueIdentifier>{d72673be-7d1d-43cd-b40c-9fa105275303}</UniqueIdentifier>
    </Filter>
    <Filter Include="src\video\khronos\GLES2">
      <UniqueIdentifier>{08b911f8-512a-4b99-aead-8a85b68f0131}</UniqueIdentifier>
    </Filter>
    <Filter Include="src\video\khronos\KHR">
      <UniqueIdentifier>{9860b53d-af1d-439c-ba22-43e60f62d587}</UniqueIdentifier>
    </Filter>
    <Filter Include="src\video\khronos\vulkan">
      <UniqueIdentifier>{4f1b5e01-fdc0-4d0d-88bc-42233129d631}</UniqueIdentifier>
    </Filter>
    <Filter Include="src\stdlib">
      <UniqueIdentifier>{e0f92c56-d231-4326-89c6-2a6151abd05a}</UniqueIdentifier>
    </Filter>
    <Filter Include="src\thread\generic">
      <UniqueIdentifier>{f33a2fd8-04cf-45f2-bb5b-dd127524650b}</UniqueIdentifier>
    </Filter>
  </ItemGroup>
  <ItemGroup>
    <ClCompile Include="..\..\src\audio\wasapi\SDL_wasapi.c" />
    <ClCompile Include="..\..\src\SDL.c">
      <Filter>src</Filter>
    </ClCompile>
    <ClCompile Include="..\..\src\SDL_assert.c">
      <Filter>src</Filter>
    </ClCompile>
    <ClCompile Include="..\..\src\SDL_dataqueue.c">
      <Filter>src</Filter>
    </ClCompile>
    <ClCompile Include="..\..\src\SDL_error.c">
      <Filter>src</Filter>
    </ClCompile>
    <ClCompile Include="..\..\src\SDL_hints.c">
      <Filter>src</Filter>
    </ClCompile>
    <ClCompile Include="..\..\src\SDL_log.c">
      <Filter>src</Filter>
    </ClCompile>
    <ClCompile Include="..\..\src\atomic\SDL_atomic.c">
      <Filter>src\atomic</Filter>
    </ClCompile>
    <ClCompile Include="..\..\src\atomic\SDL_spinlock.c">
      <Filter>src\atomic</Filter>
    </ClCompile>
    <ClCompile Include="..\..\src\audio\SDL_audio.c">
      <Filter>src\audio</Filter>
    </ClCompile>
    <ClCompile Include="..\..\src\audio\SDL_audiocvt.c">
      <Filter>src\audio</Filter>
    </ClCompile>
    <ClCompile Include="..\..\src\audio\SDL_audiodev.c">
      <Filter>src\audio</Filter>
    </ClCompile>
    <ClCompile Include="..\..\src\audio\SDL_audiotypecvt.c">
      <Filter>src\audio</Filter>
    </ClCompile>
    <ClCompile Include="..\..\src\audio\SDL_mixer.c">
      <Filter>src\audio</Filter>
    </ClCompile>
    <ClCompile Include="..\..\src\audio\SDL_wave.c">
      <Filter>src\audio</Filter>
    </ClCompile>
    <ClCompile Include="..\..\src\audio\directsound\SDL_directsound.c">
      <Filter>src\audio\directsound</Filter>
    </ClCompile>
    <ClCompile Include="..\..\src\audio\wasapi\SDL_wasapi.c">
      <Filter>src\audio\wasapi</Filter>
    </ClCompile>
    <ClCompile Include="..\..\src\audio\wasapi\SDL_wasapi_win32.c">
      <Filter>src\audio\wasapi</Filter>
    </ClCompile>
    <ClCompile Include="..\..\src\audio\wasapi\SDL_wasapi_winrt.cpp">
      <Filter>src\audio\wasapi</Filter>
    </ClCompile>
    <ClCompile Include="..\..\src\audio\winmm\SDL_winmm.c">
      <Filter>src\audio\winmm</Filter>
    </ClCompile>
    <ClCompile Include="..\..\src\core\windows\SDL_hid.c">
      <Filter>src\core\windows</Filter>
    </ClCompile>
    <ClCompile Include="..\..\src\core\windows\SDL_windows.c">
      <Filter>src\core\windows</Filter>
    </ClCompile>
    <ClCompile Include="..\..\src\core\windows\SDL_xinput.c">
      <Filter>src\core\windows</Filter>
    </ClCompile>
    <ClCompile Include="..\..\src\cpuinfo\SDL_cpuinfo.c">
      <Filter>src\cpuinfo</Filter>
    </ClCompile>
    <ClCompile Include="..\..\src\dynapi\SDL_dynapi.c">
      <Filter>src\dynapi</Filter>
    </ClCompile>
    <ClCompile Include="..\..\src\events\SDL_clipboardevents.c">
      <Filter>src\events</Filter>
    </ClCompile>
    <ClCompile Include="..\..\src\events\SDL_displayevents.c">
      <Filter>src\events</Filter>
    </ClCompile>
    <ClCompile Include="..\..\src\events\SDL_dropevents.c">
      <Filter>src\events</Filter>
    </ClCompile>
    <ClCompile Include="..\..\src\events\SDL_events.c">
      <Filter>src\events</Filter>
    </ClCompile>
    <ClCompile Include="..\..\src\events\SDL_gesture.c">
      <Filter>src\events</Filter>
    </ClCompile>
    <ClCompile Include="..\..\src\events\SDL_keyboard.c">
      <Filter>src\events</Filter>
    </ClCompile>
    <ClCompile Include="..\..\src\events\SDL_mouse.c">
      <Filter>src\events</Filter>
    </ClCompile>
    <ClCompile Include="..\..\src\events\SDL_quit.c">
      <Filter>src\events</Filter>
    </ClCompile>
    <ClCompile Include="..\..\src\events\SDL_touch.c">
      <Filter>src\events</Filter>
    </ClCompile>
    <ClCompile Include="..\..\src\events\SDL_windowevents.c">
      <Filter>src\events</Filter>
    </ClCompile>
    <ClCompile Include="..\..\src\file\SDL_rwops.c">
      <Filter>src\file</Filter>
    </ClCompile>
    <ClCompile Include="..\..\src\filesystem\windows\SDL_sysfilesystem.c">
      <Filter>src\filesystem\windows</Filter>
    </ClCompile>
    <ClCompile Include="..\..\src\haptic\SDL_haptic.c">
      <Filter>src\haptic</Filter>
    </ClCompile>
    <ClCompile Include="..\..\src\haptic\windows\SDL_dinputhaptic.c">
      <Filter>src\haptic\windows</Filter>
    </ClCompile>
    <ClCompile Include="..\..\src\haptic\windows\SDL_windowshaptic.c">
      <Filter>src\haptic\windows</Filter>
    </ClCompile>
    <ClCompile Include="..\..\src\haptic\windows\SDL_xinputhaptic.c">
      <Filter>src\haptic\windows</Filter>
    </ClCompile>
    <ClCompile Include="..\..\src\hidapi\SDL_hidapi.c">
      <Filter>src\hidapi</Filter>
    </ClCompile>
    <ClCompile Include="..\..\src\joystick\SDL_gamecontroller.c">
      <Filter>src\joystick</Filter>
    </ClCompile>
    <ClCompile Include="..\..\src\joystick\SDL_joystick.c">
      <Filter>src\joystick</Filter>
    </ClCompile>
    <ClCompile Include="..\..\src\joystick\windows\SDL_dinputjoystick.c">
      <Filter>src\joystick\windows</Filter>
    </ClCompile>
    <ClCompile Include="..\..\src\joystick\windows\SDL_rawinputjoystick.c">
      <Filter>src\joystick\windows</Filter>
    </ClCompile>
    <ClCompile Include="..\..\src\joystick\windows\SDL_windows_gaming_input.c">
      <Filter>src\joystick\windows</Filter>
    </ClCompile>
    <ClCompile Include="..\..\src\joystick\windows\SDL_windowsjoystick.c">
      <Filter>src\joystick\windows</Filter>
    </ClCompile>
    <ClCompile Include="..\..\src\joystick\windows\SDL_xinputjoystick.c">
      <Filter>src\joystick\windows</Filter>
    </ClCompile>
    <ClCompile Include="..\..\src\joystick\steam\SDL_steamcontroller.c">
      <Filter>src\joystick\steam</Filter>
    </ClCompile>
    <ClCompile Include="..\..\src\joystick\hidapi\SDL_hidapi_gamecube.c">
      <Filter>src\joystick\hidapi</Filter>
    </ClCompile>
    <ClCompile Include="..\..\src\joystick\hidapi\SDL_hidapi_luna.c">
      <Filter>src\joystick\hidapi</Filter>
    </ClCompile>
    <ClCompile Include="..\..\src\joystick\hidapi\SDL_hidapi_ps4.c">
      <Filter>src\joystick\hidapi</Filter>
    </ClCompile>
    <ClCompile Include="..\..\src\joystick\hidapi\SDL_hidapi_ps5.c">
      <Filter>src\joystick\hidapi</Filter>
    </ClCompile>
    <ClCompile Include="..\..\src\joystick\hidapi\SDL_hidapi_rumble.c">
      <Filter>src\joystick\hidapi</Filter>
    </ClCompile>
    <ClCompile Include="..\..\src\joystick\hidapi\SDL_hidapi_stadia.c">
      <Filter>src\joystick\hidapi</Filter>
    </ClCompile>
    <ClCompile Include="..\..\src\joystick\hidapi\SDL_hidapi_steam.c">
      <Filter>src\joystick\hidapi</Filter>
    </ClCompile>
    <ClCompile Include="..\..\src\joystick\hidapi\SDL_hidapi_switch.c">
      <Filter>src\joystick\hidapi</Filter>
    </ClCompile>
    <ClCompile Include="..\..\src\joystick\hidapi\SDL_hidapi_xbox360.c">
      <Filter>src\joystick\hidapi</Filter>
    </ClCompile>
    <ClCompile Include="..\..\src\joystick\hidapi\SDL_hidapi_xbox360w.c">
      <Filter>src\joystick\hidapi</Filter>
    </ClCompile>
    <ClCompile Include="..\..\src\joystick\hidapi\SDL_hidapi_xboxone.c">
      <Filter>src\joystick\hidapi</Filter>
    </ClCompile>
    <ClCompile Include="..\..\src\joystick\hidapi\SDL_hidapijoystick.c">
      <Filter>src\joystick\hidapi</Filter>
    </ClCompile>
    <ClCompile Include="..\..\src\loadso\windows\SDL_sysloadso.c">
      <Filter>src\loadso\windows</Filter>
    </ClCompile>
    <ClCompile Include="..\..\src\locale\SDL_locale.c">
      <Filter>src\locale</Filter>
    </ClCompile>
    <ClCompile Include="..\..\src\locale\windows\SDL_syslocale.c">
      <Filter>src\locale\windows</Filter>
    </ClCompile>
    <ClCompile Include="..\..\src\misc\SDL_url.c">
      <Filter>src\misc</Filter>
    </ClCompile>
    <ClCompile Include="..\..\src\misc\windows\SDL_sysurl.c">
      <Filter>src\misc\windows</Filter>
    </ClCompile>
    <ClCompile Include="..\..\src\power\SDL_power.c">
      <Filter>src\power</Filter>
    </ClCompile>
    <ClCompile Include="..\..\src\power\windows\SDL_syspower.c">
      <Filter>src\power\windows</Filter>
    </ClCompile>
    <ClCompile Include="..\..\src\render\SDL_d3dmath.c">
      <Filter>src\render</Filter>
    </ClCompile>
    <ClCompile Include="..\..\src\render\SDL_render.c">
      <Filter>src\render</Filter>
    </ClCompile>
    <ClCompile Include="..\..\src\render\SDL_yuv_sw.c">
      <Filter>src\render</Filter>
    </ClCompile>
    <ClCompile Include="..\..\src\render\direct3d\SDL_render_d3d.c">
      <Filter>src\render\direct3d</Filter>
    </ClCompile>
    <ClCompile Include="..\..\src\render\direct3d\SDL_shaders_d3d.c">
      <Filter>src\render\direct3d</Filter>
    </ClCompile>
    <ClCompile Include="..\..\src\render\direct3d11\SDL_render_d3d11.c">
      <Filter>src\render\direct3d11</Filter>
    </ClCompile>
    <ClCompile Include="..\..\src\render\direct3d11\SDL_render_winrt.cpp">
      <Filter>src\render\direct3d11</Filter>
    </ClCompile>
    <ClCompile Include="..\..\src\render\direct3d11\SDL_shaders_d3d11.c">
      <Filter>src\render\direct3d11</Filter>
    </ClCompile>
    <ClCompile Include="..\..\src\render\opengl\SDL_render_gl.c">
      <Filter>src\render\opengl</Filter>
    </ClCompile>
    <ClCompile Include="..\..\src\render\opengl\SDL_shaders_gl.c">
      <Filter>src\render\opengl</Filter>
    </ClCompile>
    <ClCompile Include="..\..\src\render\opengles\SDL_render_gles.c">
      <Filter>src\render\opengles</Filter>
    </ClCompile>
    <ClCompile Include="..\..\src\render\opengles2\SDL_render_gles2.c">
      <Filter>src\render\opengles2</Filter>
    </ClCompile>
    <ClCompile Include="..\..\src\render\opengles2\SDL_shaders_gles2.c">
      <Filter>src\render\opengles2</Filter>
    </ClCompile>
    <ClCompile Include="..\..\src\render\software\SDL_blendfillrect.c">
      <Filter>src\render\software</Filter>
    </ClCompile>
    <ClCompile Include="..\..\src\render\software\SDL_blendline.c">
      <Filter>src\render\software</Filter>
    </ClCompile>
    <ClCompile Include="..\..\src\render\software\SDL_blendpoint.c">
      <Filter>src\render\software</Filter>
    </ClCompile>
    <ClCompile Include="..\..\src\render\software\SDL_drawline.c">
      <Filter>src\render\software</Filter>
    </ClCompile>
    <ClCompile Include="..\..\src\render\software\SDL_drawpoint.c">
      <Filter>src\render\software</Filter>
    </ClCompile>
    <ClCompile Include="..\..\src\render\software\SDL_render_sw.c">
      <Filter>src\render\software</Filter>
    </ClCompile>
    <ClCompile Include="..\..\src\render\software\SDL_rotate.c">
      <Filter>src\render\software</Filter>
    </ClCompile>
    <ClCompile Include="..\..\src\sensor\SDL_sensor.c">
      <Filter>src\sensor</Filter>
    </ClCompile>
    <ClCompile Include="..\..\src\sensor\windows\SDL_windowssensor.c">
      <Filter>src\sensor\windows</Filter>
    </ClCompile>
    <ClCompile Include="..\..\src\thread\SDL_thread.c">
      <Filter>src\thread</Filter>
    </ClCompile>
    <ClCompile Include="..\..\src\thread\windows\SDL_sysmutex.c">
      <Filter>src\thread\windows</Filter>
    </ClCompile>
    <ClCompile Include="..\..\src\thread\windows\SDL_syssem.c">
      <Filter>src\thread\windows</Filter>
    </ClCompile>
    <ClCompile Include="..\..\src\thread\windows\SDL_systhread.c">
      <Filter>src\thread\windows</Filter>
    </ClCompile>
    <ClCompile Include="..\..\src\thread\windows\SDL_systls.c">
      <Filter>src\thread\windows</Filter>
    </ClCompile>
    <ClCompile Include="..\..\src\timer\SDL_timer.c">
      <Filter>src\timer</Filter>
    </ClCompile>
    <ClCompile Include="..\..\src\timer\windows\SDL_systimer.c">
      <Filter>src\timer\windows</Filter>
    </ClCompile>
    <ClCompile Include="..\..\src\video\SDL_blit.c">
      <Filter>src\video</Filter>
    </ClCompile>
    <ClCompile Include="..\..\src\video\SDL_blit_0.c">
      <Filter>src\video</Filter>
    </ClCompile>
    <ClCompile Include="..\..\src\video\SDL_blit_1.c">
      <Filter>src\video</Filter>
    </ClCompile>
    <ClCompile Include="..\..\src\video\SDL_blit_A.c">
      <Filter>src\video</Filter>
    </ClCompile>
    <ClCompile Include="..\..\src\video\SDL_blit_auto.c">
      <Filter>src\video</Filter>
    </ClCompile>
    <ClCompile Include="..\..\src\video\SDL_blit_copy.c">
      <Filter>src\video</Filter>
    </ClCompile>
    <ClCompile Include="..\..\src\video\SDL_blit_N.c">
      <Filter>src\video</Filter>
    </ClCompile>
    <ClCompile Include="..\..\src\video\SDL_blit_slow.c">
      <Filter>src\video</Filter>
    </ClCompile>
    <ClCompile Include="..\..\src\video\SDL_bmp.c">
      <Filter>src\video</Filter>
    </ClCompile>
    <ClCompile Include="..\..\src\video\SDL_clipboard.c">
      <Filter>src\video</Filter>
    </ClCompile>
    <ClCompile Include="..\..\src\video\SDL_egl.c">
      <Filter>src\video</Filter>
    </ClCompile>
    <ClCompile Include="..\..\src\video\SDL_fillrect.c">
      <Filter>src\video</Filter>
    </ClCompile>
    <ClCompile Include="..\..\src\video\SDL_pixels.c">
      <Filter>src\video</Filter>
    </ClCompile>
    <ClCompile Include="..\..\src\video\SDL_rect.c">
      <Filter>src\video</Filter>
    </ClCompile>
    <ClCompile Include="..\..\src\video\SDL_RLEaccel.c">
      <Filter>src\video</Filter>
    </ClCompile>
    <ClCompile Include="..\..\src\video\SDL_shape.c">
      <Filter>src\video</Filter>
    </ClCompile>
    <ClCompile Include="..\..\src\video\SDL_stretch.c">
      <Filter>src\video</Filter>
    </ClCompile>
    <ClCompile Include="..\..\src\video\SDL_surface.c">
      <Filter>src\video</Filter>
    </ClCompile>
    <ClCompile Include="..\..\src\video\SDL_video.c">
      <Filter>src\video</Filter>
    </ClCompile>
    <ClCompile Include="..\..\src\video\SDL_vulkan_utils.c">
      <Filter>src\video</Filter>
    </ClCompile>
    <ClCompile Include="..\..\src\video\SDL_yuv.c">
      <Filter>src\video</Filter>
    </ClCompile>
    <ClCompile Include="..\..\src\video\windows\SDL_windowsclipboard.c">
      <Filter>src\video\windows</Filter>
    </ClCompile>
    <ClCompile Include="..\..\src\video\windows\SDL_windowsevents.c">
      <Filter>src\video\windows</Filter>
    </ClCompile>
    <ClCompile Include="..\..\src\video\windows\SDL_windowsframebuffer.c">
      <Filter>src\video\windows</Filter>
    </ClCompile>
    <ClCompile Include="..\..\src\video\windows\SDL_windowskeyboard.c">
      <Filter>src\video\windows</Filter>
    </ClCompile>
    <ClCompile Include="..\..\src\video\windows\SDL_windowsmessagebox.c">
      <Filter>src\video\windows</Filter>
    </ClCompile>
    <ClCompile Include="..\..\src\video\windows\SDL_windowsmodes.c">
      <Filter>src\video\windows</Filter>
    </ClCompile>
    <ClCompile Include="..\..\src\video\windows\SDL_windowsmouse.c">
      <Filter>src\video\windows</Filter>
    </ClCompile>
    <ClCompile Include="..\..\src\video\windows\SDL_windowsopengl.c">
      <Filter>src\video\windows</Filter>
    </ClCompile>
    <ClCompile Include="..\..\src\video\windows\SDL_windowsopengles.c">
      <Filter>src\video\windows</Filter>
    </ClCompile>
    <ClCompile Include="..\..\src\video\windows\SDL_windowsshape.c">
      <Filter>src\video\windows</Filter>
    </ClCompile>
    <ClCompile Include="..\..\src\video\windows\SDL_windowsvideo.c">
      <Filter>src\video\windows</Filter>
    </ClCompile>
    <ClCompile Include="..\..\src\video\windows\SDL_windowsvulkan.c">
      <Filter>src\video\windows</Filter>
    </ClCompile>
    <ClCompile Include="..\..\src\video\windows\SDL_windowswindow.c">
      <Filter>src\video\windows</Filter>
    </ClCompile>
    <ClCompile Include="..\..\src\stdlib\SDL_crc32.c">
      <Filter>src\stdlib</Filter>
    </ClCompile>
    <ClCompile Include="..\..\src\stdlib\SDL_getenv.c">
      <Filter>src\stdlib</Filter>
    </ClCompile>
    <ClCompile Include="..\..\src\stdlib\SDL_iconv.c">
      <Filter>src\stdlib</Filter>
    </ClCompile>
    <ClCompile Include="..\..\src\stdlib\SDL_malloc.c">
      <Filter>src\stdlib</Filter>
    </ClCompile>
    <ClCompile Include="..\..\src\stdlib\SDL_qsort.c">
      <Filter>src\stdlib</Filter>
    </ClCompile>
    <ClCompile Include="..\..\src\stdlib\SDL_stdlib.c">
      <Filter>src\stdlib</Filter>
    </ClCompile>
    <ClCompile Include="..\..\src\stdlib\SDL_string.c">
      <Filter>src\stdlib</Filter>
    </ClCompile>
    <ClCompile Include="..\..\src\stdlib\SDL_strtokr.c">
      <Filter>src\stdlib</Filter>
    </ClCompile>
    <ClCompile Include="..\..\src\thread\generic\SDL_syscond.c">
      <Filter>src\thread\generic</Filter>
    </ClCompile>
    <ClCompile Include="..\..\src\thread\windows\SDL_syscond_cv.c">
      <Filter>src\thread\windows</Filter>
    </ClCompile>
  </ItemGroup>
  <ItemGroup>
    <ClInclude Include="..\..\include\begin_code.h">
      <Filter>include</Filter>
    </ClInclude>
    <ClInclude Include="..\..\include\close_code.h">
      <Filter>include</Filter>
    </ClInclude>
    <ClInclude Include="..\..\include\SDL.h">
      <Filter>include</Filter>
    </ClInclude>
    <ClInclude Include="..\..\include\SDL_assert.h">
      <Filter>include</Filter>
    </ClInclude>
    <ClInclude Include="..\..\include\SDL_atomic.h">
      <Filter>include</Filter>
    </ClInclude>
    <ClInclude Include="..\..\include\SDL_audio.h">
      <Filter>include</Filter>
    </ClInclude>
    <ClInclude Include="..\..\include\SDL_bits.h">
      <Filter>include</Filter>
    </ClInclude>
    <ClInclude Include="..\..\include\SDL_blendmode.h">
      <Filter>include</Filter>
    </ClInclude>
    <ClInclude Include="..\..\include\SDL_clipboard.h">
      <Filter>include</Filter>
    </ClInclude>
    <ClInclude Include="..\..\include\SDL_config.h">
      <Filter>include</Filter>
    </ClInclude>
    <ClInclude Include="..\..\include\SDL_config_android.h">
      <Filter>include</Filter>
    </ClInclude>
    <ClInclude Include="..\..\include\SDL_config_iphoneos.h">
      <Filter>include</Filter>
    </ClInclude>
    <ClInclude Include="..\..\include\SDL_config_linux.h">
      <Filter>include</Filter>
    </ClInclude>
    <ClInclude Include="..\..\include\SDL_config_macosx.h">
      <Filter>include</Filter>
    </ClInclude>
    <ClInclude Include="..\..\include\SDL_config_minimal.h">
      <Filter>include</Filter>
    </ClInclude>
    <ClInclude Include="..\..\include\SDL_config_os2.h">
      <Filter>include</Filter>
    </ClInclude>
    <ClInclude Include="..\..\include\SDL_config_pandora.h">
      <Filter>include</Filter>
    </ClInclude>
    <ClInclude Include="..\..\include\SDL_config_psp.h">
      <Filter>include</Filter>
    </ClInclude>
    <ClInclude Include="..\..\include\SDL_config_windows.h">
      <Filter>include</Filter>
    </ClInclude>
    <ClInclude Include="..\..\include\SDL_config_winrt.h">
      <Filter>include</Filter>
    </ClInclude>
    <ClInclude Include="..\..\include\SDL_config_wiz.h">
      <Filter>include</Filter>
    </ClInclude>
    <ClInclude Include="..\..\include\SDL_copying.h">
      <Filter>include</Filter>
    </ClInclude>
    <ClInclude Include="..\..\include\SDL_cpuinfo.h">
      <Filter>include</Filter>
    </ClInclude>
    <ClInclude Include="..\..\include\SDL_egl.h">
      <Filter>include</Filter>
    </ClInclude>
    <ClInclude Include="..\..\include\SDL_endian.h">
      <Filter>include</Filter>
    </ClInclude>
    <ClInclude Include="..\..\include\SDL_error.h">
      <Filter>include</Filter>
    </ClInclude>
    <ClInclude Include="..\..\include\SDL_events.h">
      <Filter>include</Filter>
    </ClInclude>
    <ClInclude Include="..\..\include\SDL_filesystem.h">
      <Filter>include</Filter>
    </ClInclude>
    <ClInclude Include="..\..\include\SDL_gamecontroller.h">
      <Filter>include</Filter>
    </ClInclude>
    <ClInclude Include="..\..\include\SDL_gesture.h">
      <Filter>include</Filter>
    </ClInclude>
    <ClInclude Include="..\..\include\SDL_haptic.h">
      <Filter>include</Filter>
    </ClInclude>
    <ClInclude Include="..\..\include\SDL_hints.h">
      <Filter>include</Filter>
    </ClInclude>
    <ClInclude Include="..\..\include\SDL_joystick.h">
      <Filter>include</Filter>
    </ClInclude>
    <ClInclude Include="..\..\include\SDL_keyboard.h">
      <Filter>include</Filter>
    </ClInclude>
    <ClInclude Include="..\..\include\SDL_keycode.h">
      <Filter>include</Filter>
    </ClInclude>
    <ClInclude Include="..\..\include\SDL_loadso.h">
      <Filter>include</Filter>
    </ClInclude>
    <ClInclude Include="..\..\include\SDL_locale.h">
      <Filter>include</Filter>
    </ClInclude>
    <ClInclude Include="..\..\include\SDL_log.h">
      <Filter>include</Filter>
    </ClInclude>
    <ClInclude Include="..\..\include\SDL_main.h">
      <Filter>include</Filter>
    </ClInclude>
    <ClInclude Include="..\..\include\SDL_messagebox.h">
      <Filter>include</Filter>
    </ClInclude>
    <ClInclude Include="..\..\include\SDL_metal.h">
      <Filter>include</Filter>
    </ClInclude>
    <ClInclude Include="..\..\include\SDL_misc.h">
      <Filter>include</Filter>
    </ClInclude>
    <ClInclude Include="..\..\include\SDL_mouse.h">
      <Filter>include</Filter>
    </ClInclude>
    <ClInclude Include="..\..\include\SDL_mutex.h">
      <Filter>include</Filter>
    </ClInclude>
    <ClInclude Include="..\..\include\SDL_name.h">
      <Filter>include</Filter>
    </ClInclude>
    <ClInclude Include="..\..\include\SDL_opengl.h">
      <Filter>include</Filter>
    </ClInclude>
    <ClInclude Include="..\..\include\SDL_opengl_glext.h">
      <Filter>include</Filter>
    </ClInclude>
    <ClInclude Include="..\..\include\SDL_opengles.h">
      <Filter>include</Filter>
    </ClInclude>
    <ClInclude Include="..\..\include\SDL_opengles2.h">
      <Filter>include</Filter>
    </ClInclude>
    <ClInclude Include="..\..\include\SDL_opengles2_gl2.h">
      <Filter>include</Filter>
    </ClInclude>
    <ClInclude Include="..\..\include\SDL_opengles2_gl2ext.h">
      <Filter>include</Filter>
    </ClInclude>
    <ClInclude Include="..\..\include\SDL_opengles2_gl2platform.h">
      <Filter>include</Filter>
    </ClInclude>
    <ClInclude Include="..\..\include\SDL_opengles2_khrplatform.h">
      <Filter>include</Filter>
    </ClInclude>
    <ClInclude Include="..\..\include\SDL_pixels.h">
      <Filter>include</Filter>
    </ClInclude>
    <ClInclude Include="..\..\include\SDL_platform.h">
      <Filter>include</Filter>
    </ClInclude>
    <ClInclude Include="..\..\include\SDL_power.h">
      <Filter>include</Filter>
    </ClInclude>
    <ClInclude Include="..\..\include\SDL_quit.h">
      <Filter>include</Filter>
    </ClInclude>
    <ClInclude Include="..\..\include\SDL_rect.h">
      <Filter>include</Filter>
    </ClInclude>
    <ClInclude Include="..\..\include\SDL_render.h">
      <Filter>include</Filter>
    </ClInclude>
    <ClInclude Include="..\..\include\SDL_revision.h">
      <Filter>include</Filter>
    </ClInclude>
    <ClInclude Include="..\..\include\SDL_rwops.h">
      <Filter>include</Filter>
    </ClInclude>
    <ClInclude Include="..\..\include\SDL_scancode.h">
      <Filter>include</Filter>
    </ClInclude>
    <ClInclude Include="..\..\include\SDL_sensor.h">
      <Filter>include</Filter>
    </ClInclude>
    <ClInclude Include="..\..\include\SDL_shape.h">
      <Filter>include</Filter>
    </ClInclude>
    <ClInclude Include="..\..\include\SDL_stdinc.h">
      <Filter>include</Filter>
    </ClInclude>
    <ClInclude Include="..\..\include\SDL_surface.h">
      <Filter>include</Filter>
    </ClInclude>
    <ClInclude Include="..\..\include\SDL_system.h">
      <Filter>include</Filter>
    </ClInclude>
    <ClInclude Include="..\..\include\SDL_syswm.h">
      <Filter>include</Filter>
    </ClInclude>
    <ClInclude Include="..\..\include\SDL_test.h">
      <Filter>include</Filter>
    </ClInclude>
    <ClInclude Include="..\..\include\SDL_test_assert.h">
      <Filter>include</Filter>
    </ClInclude>
    <ClInclude Include="..\..\include\SDL_test_common.h">
      <Filter>include</Filter>
    </ClInclude>
    <ClInclude Include="..\..\include\SDL_test_compare.h">
      <Filter>include</Filter>
    </ClInclude>
    <ClInclude Include="..\..\include\SDL_test_crc32.h">
      <Filter>include</Filter>
    </ClInclude>
    <ClInclude Include="..\..\include\SDL_test_font.h">
      <Filter>include</Filter>
    </ClInclude>
    <ClInclude Include="..\..\include\SDL_test_fuzzer.h">
      <Filter>include</Filter>
    </ClInclude>
    <ClInclude Include="..\..\include\SDL_test_harness.h">
      <Filter>include</Filter>
    </ClInclude>
    <ClInclude Include="..\..\include\SDL_test_images.h">
      <Filter>include</Filter>
    </ClInclude>
    <ClInclude Include="..\..\include\SDL_test_log.h">
      <Filter>include</Filter>
    </ClInclude>
    <ClInclude Include="..\..\include\SDL_test_md5.h">
      <Filter>include</Filter>
    </ClInclude>
    <ClInclude Include="..\..\include\SDL_test_memory.h">
      <Filter>include</Filter>
    </ClInclude>
    <ClInclude Include="..\..\include\SDL_test_random.h">
      <Filter>include</Filter>
    </ClInclude>
    <ClInclude Include="..\..\include\SDL_thread.h">
      <Filter>include</Filter>
    </ClInclude>
    <ClInclude Include="..\..\include\SDL_timer.h">
      <Filter>include</Filter>
    </ClInclude>
    <ClInclude Include="..\..\include\SDL_touch.h">
      <Filter>include</Filter>
    </ClInclude>
    <ClInclude Include="..\..\include\SDL_types.h">
      <Filter>include</Filter>
    </ClInclude>
    <ClInclude Include="..\..\include\SDL_version.h">
      <Filter>include</Filter>
    </ClInclude>
    <ClInclude Include="..\..\include\SDL_video.h">
      <Filter>include</Filter>
    </ClInclude>
    <ClInclude Include="..\..\include\SDL_vulkan.h">
      <Filter>include</Filter>
    </ClInclude>
    <ClInclude Include="..\..\src\SDL_assert_c.h">
      <Filter>src</Filter>
    </ClInclude>
    <ClInclude Include="..\..\src\SDL_dataqueue.h">
      <Filter>src</Filter>
    </ClInclude>
    <ClInclude Include="..\..\src\SDL_error_c.h">
      <Filter>src</Filter>
    </ClInclude>
    <ClInclude Include="..\..\src\SDL_hints_c.h">
      <Filter>src</Filter>
    </ClInclude>
    <ClInclude Include="..\..\src\SDL_internal.h">
      <Filter>src</Filter>
    </ClInclude>
    <ClInclude Include="..\..\src\audio\SDL_audio_c.h">
      <Filter>src\audio</Filter>
    </ClInclude>
    <ClInclude Include="..\..\src\audio\SDL_audiodev_c.h">
      <Filter>src\audio</Filter>
    </ClInclude>
    <ClInclude Include="..\..\src\audio\SDL_sysaudio.h">
      <Filter>src\audio</Filter>
    </ClInclude>
    <ClInclude Include="..\..\src\audio\SDL_wave.h">
      <Filter>src\audio</Filter>
    </ClInclude>
    <ClInclude Include="..\..\src\audio\directsound\SDL_directsound.h">
      <Filter>src\audio\directsound</Filter>
    </ClInclude>
    <ClInclude Include="..\..\src\audio\wasapi\SDL_wasapi.h">
      <Filter>src\audio\wasapi</Filter>
    </ClInclude>
    <ClInclude Include="..\..\src\audio\winmm\SDL_winmm.h">
      <Filter>src\audio\winmm</Filter>
    </ClInclude>
    <ClInclude Include="..\..\src\core\windows\SDL_directx.h">
      <Filter>src\core\windows</Filter>
    </ClInclude>
    <ClInclude Include="..\..\src\core\windows\SDL_hid.h">
      <Filter>src\core\windows</Filter>
    </ClInclude>
    <ClInclude Include="..\..\src\core\windows\SDL_windows.h">
      <Filter>src\core\windows</Filter>
    </ClInclude>
    <ClInclude Include="..\..\src\core\windows\SDL_xinput.h">
      <Filter>src\core\windows</Filter>
    </ClInclude>
    <ClInclude Include="..\..\src\dynapi\SDL_dynapi.h">
      <Filter>src\dynapi</Filter>
    </ClInclude>
    <ClInclude Include="..\..\src\dynapi\SDL_dynapi_overrides.h">
      <Filter>src\dynapi</Filter>
    </ClInclude>
    <ClInclude Include="..\..\src\dynapi\SDL_dynapi_procs.h">
      <Filter>src\dynapi</Filter>
    </ClInclude>
    <ClInclude Include="..\..\src\events\blank_cursor.h">
      <Filter>src\events</Filter>
    </ClInclude>
    <ClInclude Include="..\..\src\events\default_cursor.h">
      <Filter>src\events</Filter>
    </ClInclude>
    <ClInclude Include="..\..\src\events\scancodes_darwin.h">
      <Filter>src\events</Filter>
    </ClInclude>
    <ClInclude Include="..\..\src\events\scancodes_linux.h">
      <Filter>src\events</Filter>
    </ClInclude>
    <ClInclude Include="..\..\src\events\scancodes_windows.h">
      <Filter>src\events</Filter>
    </ClInclude>
    <ClInclude Include="..\..\src\events\scancodes_xfree86.h">
      <Filter>src\events</Filter>
    </ClInclude>
    <ClInclude Include="..\..\src\events\SDL_clipboardevents_c.h">
      <Filter>src\events</Filter>
    </ClInclude>
    <ClInclude Include="..\..\src\events\SDL_displayevents_c.h">
      <Filter>src\events</Filter>
    </ClInclude>
    <ClInclude Include="..\..\src\events\SDL_dropevents_c.h">
      <Filter>src\events</Filter>
    </ClInclude>
    <ClInclude Include="..\..\src\events\SDL_events_c.h">
      <Filter>src\events</Filter>
    </ClInclude>
    <ClInclude Include="..\..\src\events\SDL_gesture_c.h">
      <Filter>src\events</Filter>
    </ClInclude>
    <ClInclude Include="..\..\src\events\SDL_keyboard_c.h">
      <Filter>src\events</Filter>
    </ClInclude>
    <ClInclude Include="..\..\src\events\SDL_mouse_c.h">
      <Filter>src\events</Filter>
    </ClInclude>
    <ClInclude Include="..\..\src\events\SDL_sysevents.h">
      <Filter>src\events</Filter>
    </ClInclude>
    <ClInclude Include="..\..\src\events\SDL_touch_c.h">
      <Filter>src\events</Filter>
    </ClInclude>
    <ClInclude Include="..\..\src\events\SDL_windowevents_c.h">
      <Filter>src\events</Filter>
    </ClInclude>
    <ClInclude Include="..\..\src\haptic\SDL_haptic_c.h">
      <Filter>src\haptic</Filter>
    </ClInclude>
    <ClInclude Include="..\..\src\haptic\SDL_syshaptic.h">
      <Filter>src\haptic</Filter>
    </ClInclude>
    <ClInclude Include="..\..\src\haptic\windows\SDL_dinputhaptic_c.h">
      <Filter>src\haptic\windows</Filter>
    </ClInclude>
    <ClInclude Include="..\..\src\haptic\windows\SDL_windowshaptic_c.h">
      <Filter>src\haptic\windows</Filter>
    </ClInclude>
    <ClInclude Include="..\..\src\haptic\windows\SDL_xinputhaptic_c.h">
      <Filter>src\haptic\windows</Filter>
    </ClInclude>
    <ClInclude Include="..\..\src\hidapi\SDL_hidapi.h">
      <Filter>src\hidapi</Filter>
    </ClInclude>
    <ClInclude Include="..\..\src\joystick\controller_type.h">
      <Filter>src\joystick</Filter>
    </ClInclude>
    <ClInclude Include="..\..\src\joystick\SDL_gamecontrollerdb.h">
      <Filter>src\joystick</Filter>
    </ClInclude>
    <ClInclude Include="..\..\src\joystick\SDL_joystick_c.h">
      <Filter>src\joystick</Filter>
    </ClInclude>
    <ClInclude Include="..\..\src\joystick\SDL_sysjoystick.h">
      <Filter>src\joystick</Filter>
    </ClInclude>
    <ClInclude Include="..\..\src\joystick\usb_ids.h">
      <Filter>src\joystick</Filter>
    </ClInclude>
    <ClInclude Include="..\..\src\joystick\windows\SDL_dinputjoystick_c.h">
      <Filter>src\joystick\windows</Filter>
    </ClInclude>
    <ClInclude Include="..\..\src\joystick\windows\SDL_rawinputjoystick_c.h">
      <Filter>src\joystick\windows</Filter>
    </ClInclude>
    <ClInclude Include="..\..\src\joystick\windows\SDL_windowsjoystick_c.h">
      <Filter>src\joystick\windows</Filter>
    </ClInclude>
    <ClInclude Include="..\..\src\joystick\windows\SDL_xinputjoystick_c.h">
      <Filter>src\joystick\windows</Filter>
    </ClInclude>
    <ClInclude Include="..\..\src\joystick\steam\SDL_steamcontroller.h">
      <Filter>src\joystick\steam</Filter>
    </ClInclude>
    <ClInclude Include="..\..\src\joystick\hidapi\SDL_hidapi_rumble.h">
      <Filter>src\joystick\hidapi</Filter>
    </ClInclude>
    <ClInclude Include="..\..\src\joystick\hidapi\SDL_hidapijoystick_c.h">
      <Filter>src\joystick\hidapi</Filter>
    </ClInclude>
    <ClInclude Include="..\..\src\joystick\hidapi\steam\controller_constants.h">
      <Filter>src\joystick\hidapi\steam</Filter>
    </ClInclude>
    <ClInclude Include="..\..\src\joystick\hidapi\steam\controller_structs.h">
      <Filter>src\joystick\hidapi\steam</Filter>
    </ClInclude>
    <ClInclude Include="..\..\src\locale\SDL_syslocale.h">
      <Filter>src\locale</Filter>
    </ClInclude>
    <ClInclude Include="..\..\src\misc\SDL_sysurl.h">
      <Filter>src\misc</Filter>
    </ClInclude>
    <ClInclude Include="..\..\src\power\SDL_syspower.h">
      <Filter>src\power</Filter>
    </ClInclude>
    <ClInclude Include="..\..\src\render\SDL_d3dmath.h">
      <Filter>src\render</Filter>
    </ClInclude>
    <ClInclude Include="..\..\src\render\SDL_sysrender.h">
      <Filter>src\render</Filter>
    </ClInclude>
    <ClInclude Include="..\..\src\render\SDL_yuv_sw_c.h">
      <Filter>src\render</Filter>
    </ClInclude>
    <ClInclude Include="..\..\src\render\direct3d\SDL_shaders_d3d.h">
      <Filter>src\render\direct3d</Filter>
    </ClInclude>
    <ClInclude Include="..\..\src\render\direct3d11\SDL_render_winrt.h">
      <Filter>src\render\direct3d11</Filter>
    </ClInclude>
    <ClInclude Include="..\..\src\render\direct3d11\SDL_shaders_d3d11.h">
      <Filter>src\render\direct3d11</Filter>
    </ClInclude>
    <ClInclude Include="..\..\src\render\opengl\SDL_glfuncs.h">
      <Filter>src\render\opengl</Filter>
    </ClInclude>
    <ClInclude Include="..\..\src\render\opengl\SDL_shaders_gl.h">
      <Filter>src\render\opengl</Filter>
    </ClInclude>
    <ClInclude Include="..\..\src\render\opengles\SDL_glesfuncs.h">
      <Filter>src\render\opengles</Filter>
    </ClInclude>
    <ClInclude Include="..\..\src\render\opengles2\SDL_gles2funcs.h">
      <Filter>src\render\opengles2</Filter>
    </ClInclude>
    <ClInclude Include="..\..\src\render\opengles2\SDL_shaders_gles2.h">
      <Filter>src\render\opengles2</Filter>
    </ClInclude>
    <ClInclude Include="..\..\src\render\software\SDL_blendfillrect.h">
      <Filter>src\render\software</Filter>
    </ClInclude>
    <ClInclude Include="..\..\src\render\software\SDL_blendline.h">
      <Filter>src\render\software</Filter>
    </ClInclude>
    <ClInclude Include="..\..\src\render\software\SDL_blendpoint.h">
      <Filter>src\render\software</Filter>
    </ClInclude>
    <ClInclude Include="..\..\src\render\software\SDL_draw.h">
      <Filter>src\render\software</Filter>
    </ClInclude>
    <ClInclude Include="..\..\src\render\software\SDL_drawline.h">
      <Filter>src\render\software</Filter>
    </ClInclude>
    <ClInclude Include="..\..\src\render\software\SDL_drawpoint.h">
      <Filter>src\render\software</Filter>
    </ClInclude>
    <ClInclude Include="..\..\src\render\software\SDL_render_sw_c.h">
      <Filter>src\render\software</Filter>
    </ClInclude>
    <ClInclude Include="..\..\src\render\software\SDL_rotate.h">
      <Filter>src\render\software</Filter>
    </ClInclude>
    <ClInclude Include="..\..\src\sensor\SDL_sensor_c.h">
      <Filter>src\sensor</Filter>
    </ClInclude>
    <ClInclude Include="..\..\src\sensor\SDL_syssensor.h">
      <Filter>src\sensor</Filter>
    </ClInclude>
    <ClInclude Include="..\..\src\sensor\windows\SDL_windowssensor.h">
      <Filter>src\sensor\windows</Filter>
    </ClInclude>
    <ClInclude Include="..\..\src\thread\SDL_systhread.h">
      <Filter>src\thread</Filter>
    </ClInclude>
    <ClInclude Include="..\..\src\thread\SDL_thread_c.h">
      <Filter>src\thread</Filter>
    </ClInclude>
    <ClInclude Include="..\..\src\thread\windows\SDL_sysmutex_c.h">
      <Filter>src\thread\windows</Filter>
    </ClInclude>
    <ClInclude Include="..\..\src\thread\windows\SDL_systhread_c.h">
      <Filter>src\thread\windows</Filter>
    </ClInclude>
    <ClInclude Include="..\..\src\timer\SDL_timer_c.h">
      <Filter>src\timer</Filter>
    </ClInclude>
    <ClInclude Include="..\..\src\video\SDL_blit.h">
      <Filter>src\video</Filter>
    </ClInclude>
    <ClInclude Include="..\..\src\video\SDL_blit_auto.h">
      <Filter>src\video</Filter>
    </ClInclude>
    <ClInclude Include="..\..\src\video\SDL_blit_copy.h">
      <Filter>src\video</Filter>
    </ClInclude>
    <ClInclude Include="..\..\src\video\SDL_blit_slow.h">
      <Filter>src\video</Filter>
    </ClInclude>
    <ClInclude Include="..\..\src\video\SDL_egl_c.h">
      <Filter>src\video</Filter>
    </ClInclude>
    <ClInclude Include="..\..\src\video\SDL_pixels_c.h">
      <Filter>src\video</Filter>
    </ClInclude>
    <ClInclude Include="..\..\src\video\SDL_rect_c.h">
      <Filter>src\video</Filter>
    </ClInclude>
    <ClInclude Include="..\..\src\video\SDL_RLEaccel_c.h">
      <Filter>src\video</Filter>
    </ClInclude>
    <ClInclude Include="..\..\src\video\SDL_shape_internals.h">
      <Filter>src\video</Filter>
    </ClInclude>
    <ClInclude Include="..\..\src\video\SDL_sysvideo.h">
      <Filter>src\video</Filter>
    </ClInclude>
    <ClInclude Include="..\..\src\video\SDL_vulkan_internal.h">
      <Filter>src\video</Filter>
    </ClInclude>
    <ClInclude Include="..\..\src\video\SDL_yuv_c.h">
      <Filter>src\video</Filter>
    </ClInclude>
    <ClInclude Include="..\..\src\video\khronos\EGL\egl.h">
      <Filter>src\video\khronos\EGL</Filter>
    </ClInclude>
    <ClInclude Include="..\..\src\video\khronos\EGL\eglext.h">
      <Filter>src\video\khronos\EGL</Filter>
    </ClInclude>
    <ClInclude Include="..\..\src\video\khronos\EGL\eglplatform.h">
      <Filter>src\video\khronos\EGL</Filter>
    </ClInclude>
    <ClInclude Include="..\..\src\video\khronos\GLES2\gl2.h">
      <Filter>src\video\khronos\GLES2</Filter>
    </ClInclude>
    <ClInclude Include="..\..\src\video\khronos\GLES2\gl2ext.h">
      <Filter>src\video\khronos\GLES2</Filter>
    </ClInclude>
    <ClInclude Include="..\..\src\video\khronos\GLES2\gl2platform.h">
      <Filter>src\video\khronos\GLES2</Filter>
    </ClInclude>
    <ClInclude Include="..\..\src\video\khronos\KHR\khrplatform.h">
      <Filter>src\video\khronos\KHR</Filter>
    </ClInclude>
    <ClInclude Include="..\..\src\video\khronos\vulkan\vk_icd.h">
      <Filter>src\video\khronos\vulkan</Filter>
    </ClInclude>
    <ClInclude Include="..\..\src\video\khronos\vulkan\vk_layer.h">
      <Filter>src\video\khronos\vulkan</Filter>
    </ClInclude>
    <ClInclude Include="..\..\src\video\khronos\vulkan\vk_platform.h">
      <Filter>src\video\khronos\vulkan</Filter>
    </ClInclude>
    <ClInclude Include="..\..\src\video\khronos\vulkan\vk_sdk_platform.h">
      <Filter>src\video\khronos\vulkan</Filter>
    </ClInclude>
    <ClInclude Include="..\..\src\video\khronos\vulkan\vulkan.h">
      <Filter>src\video\khronos\vulkan</Filter>
    </ClInclude>
    <ClInclude Include="..\..\src\video\khronos\vulkan\vulkan.hpp">
      <Filter>src\video\khronos\vulkan</Filter>
    </ClInclude>
    <ClInclude Include="..\..\src\video\khronos\vulkan\vulkan_android.h">
      <Filter>src\video\khronos\vulkan</Filter>
    </ClInclude>
    <ClInclude Include="..\..\src\video\khronos\vulkan\vulkan_beta.h">
      <Filter>src\video\khronos\vulkan</Filter>
    </ClInclude>
    <ClInclude Include="..\..\src\video\khronos\vulkan\vulkan_core.h">
      <Filter>src\video\khronos\vulkan</Filter>
    </ClInclude>
    <ClInclude Include="..\..\src\video\khronos\vulkan\vulkan_directfb.h">
      <Filter>src\video\khronos\vulkan</Filter>
    </ClInclude>
    <ClInclude Include="..\..\src\video\khronos\vulkan\vulkan_fuchsia.h">
      <Filter>src\video\khronos\vulkan</Filter>
    </ClInclude>
    <ClInclude Include="..\..\src\video\khronos\vulkan\vulkan_ggp.h">
      <Filter>src\video\khronos\vulkan</Filter>
    </ClInclude>
    <ClInclude Include="..\..\src\video\khronos\vulkan\vulkan_ios.h">
      <Filter>src\video\khronos\vulkan</Filter>
    </ClInclude>
    <ClInclude Include="..\..\src\video\khronos\vulkan\vulkan_macos.h">
      <Filter>src\video\khronos\vulkan</Filter>
    </ClInclude>
    <ClInclude Include="..\..\src\video\khronos\vulkan\vulkan_metal.h">
      <Filter>src\video\khronos\vulkan</Filter>
    </ClInclude>
    <ClInclude Include="..\..\src\video\khronos\vulkan\vulkan_vi.h">
      <Filter>src\video\khronos\vulkan</Filter>
    </ClInclude>
    <ClInclude Include="..\..\src\video\khronos\vulkan\vulkan_wayland.h">
      <Filter>src\video\khronos\vulkan</Filter>
    </ClInclude>
    <ClInclude Include="..\..\src\video\khronos\vulkan\vulkan_win32.h">
      <Filter>src\video\khronos\vulkan</Filter>
    </ClInclude>
    <ClInclude Include="..\..\src\video\khronos\vulkan\vulkan_xcb.h">
      <Filter>src\video\khronos\vulkan</Filter>
    </ClInclude>
    <ClInclude Include="..\..\src\video\khronos\vulkan\vulkan_xlib.h">
      <Filter>src\video\khronos\vulkan</Filter>
    </ClInclude>
    <ClInclude Include="..\..\src\video\khronos\vulkan\vulkan_xlib_xrandr.h">
      <Filter>src\video\khronos\vulkan</Filter>
    </ClInclude>
    <ClInclude Include="..\..\src\video\windows\SDL_msctf.h">
      <Filter>src\video\windows</Filter>
    </ClInclude>
    <ClInclude Include="..\..\src\video\windows\SDL_vkeys.h">
      <Filter>src\video\windows</Filter>
    </ClInclude>
    <ClInclude Include="..\..\src\video\windows\SDL_windowsclipboard.h">
      <Filter>src\video\windows</Filter>
    </ClInclude>
    <ClInclude Include="..\..\src\video\windows\SDL_windowsevents.h">
      <Filter>src\video\windows</Filter>
    </ClInclude>
    <ClInclude Include="..\..\src\video\windows\SDL_windowsframebuffer.h">
      <Filter>src\video\windows</Filter>
    </ClInclude>
    <ClInclude Include="..\..\src\video\windows\SDL_windowskeyboard.h">
      <Filter>src\video\windows</Filter>
    </ClInclude>
    <ClInclude Include="..\..\src\video\windows\SDL_windowsmessagebox.h">
      <Filter>src\video\windows</Filter>
    </ClInclude>
    <ClInclude Include="..\..\src\video\windows\SDL_windowsmodes.h">
      <Filter>src\video\windows</Filter>
    </ClInclude>
    <ClInclude Include="..\..\src\video\windows\SDL_windowsmouse.h">
      <Filter>src\video\windows</Filter>
    </ClInclude>
    <ClInclude Include="..\..\src\video\windows\SDL_windowsopengl.h">
      <Filter>src\video\windows</Filter>
    </ClInclude>
    <ClInclude Include="..\..\src\video\windows\SDL_windowsopengles.h">
      <Filter>src\video\windows</Filter>
    </ClInclude>
    <ClInclude Include="..\..\src\video\windows\SDL_windowsshape.h">
      <Filter>src\video\windows</Filter>
    </ClInclude>
    <ClInclude Include="..\..\src\video\windows\SDL_windowstaskdialog.h">
      <Filter>src\video\windows</Filter>
    </ClInclude>
    <ClInclude Include="..\..\src\video\windows\SDL_windowsvideo.h">
      <Filter>src\video\windows</Filter>
    </ClInclude>
    <ClInclude Include="..\..\src\video\windows\SDL_windowsvulkan.h">
      <Filter>src\video\windows</Filter>
    </ClInclude>
    <ClInclude Include="..\..\src\video\windows\SDL_windowswindow.h">
      <Filter>src\video\windows</Filter>
    </ClInclude>
    <ClInclude Include="..\..\src\video\windows\wmmsg.h">
      <Filter>src\video\windows</Filter>
    </ClInclude>
    <ClInclude Include="..\..\src\thread\generic\SDL_syscond_c.h">
      <Filter>src\thread\generic</Filter>
    </ClInclude>
  </ItemGroup>
  <ItemGroup>
    <None Include="..\..\include\SDL_config.h.cmake">
      <Filter>include</Filter>
    </None>
    <None Include="..\..\include\SDL_config.h.in">
      <Filter>include</Filter>
    </None>
    <None Include="..\..\src\dynapi\gendynapi.pl">
      <Filter>src\dynapi</Filter>
    </None>
    <None Include="..\..\src\joystick\sort_controllers.py">
      <Filter>src\joystick</Filter>
    </None>
    <None Include="..\..\src\video\sdlgenblit.pl">
      <Filter>src\video</Filter>
    </None>
  </ItemGroup>
</Project>